// !$*UTF8*$!
{
	archiveVersion = 1;
	classes = {
	};
	objectVersion = 46;
	objects = {

/* Begin PBXBuildFile section */
		AA027DBA1AB67B6A003C794A /* CacheKit.framework in Frameworks */ = {isa = PBXBuildFile; fileRef = AA027DAF1AB67B6A003C794A /* CacheKit.framework */; };
		AA027DD81AB67B73003C794A /* CacheKit.framework in Frameworks */ = {isa = PBXBuildFile; fileRef = AA027DCD1AB67B73003C794A /* CacheKit.framework */; };
		AA6CF1041AB67BD8005A94DC /* DiskCacheTests.swift in Sources */ = {isa = PBXBuildFile; fileRef = AA6CF1021AB67BD8005A94DC /* DiskCacheTests.swift */; };
		AA6CF1051AB67BD8005A94DC /* DiskCacheTests.swift in Sources */ = {isa = PBXBuildFile; fileRef = AA6CF1021AB67BD8005A94DC /* DiskCacheTests.swift */; };
		AA6CF1061AB67BD8005A94DC /* MemoryCacheTests.swift in Sources */ = {isa = PBXBuildFile; fileRef = AA6CF1031AB67BD8005A94DC /* MemoryCacheTests.swift */; };
		AA6CF1071AB67BD8005A94DC /* MemoryCacheTests.swift in Sources */ = {isa = PBXBuildFile; fileRef = AA6CF1031AB67BD8005A94DC /* MemoryCacheTests.swift */; };
		AA91701E1AB67DE600BD1779 /* Cache.swift in Sources */ = {isa = PBXBuildFile; fileRef = AA91701A1AB67DE600BD1779 /* Cache.swift */; };
		AA91701F1AB67DE600BD1779 /* CacheKit.h in Headers */ = {isa = PBXBuildFile; fileRef = AA91701B1AB67DE600BD1779 /* CacheKit.h */; settings = {ATTRIBUTES = (Public, ); }; };
		AA9170201AB67DE600BD1779 /* DiskCache.swift in Sources */ = {isa = PBXBuildFile; fileRef = AA91701C1AB67DE600BD1779 /* DiskCache.swift */; };
		AA9170211AB67DE600BD1779 /* MemoryCache.swift in Sources */ = {isa = PBXBuildFile; fileRef = AA91701D1AB67DE600BD1779 /* MemoryCache.swift */; };
		AA9170221AB67F1E00BD1779 /* CacheKit.h in Headers */ = {isa = PBXBuildFile; fileRef = AA91701B1AB67DE600BD1779 /* CacheKit.h */; settings = {ATTRIBUTES = (Public, ); }; };
		AA9170241AB680CD00BD1779 /* DiskCache.swift in Sources */ = {isa = PBXBuildFile; fileRef = AA91701C1AB67DE600BD1779 /* DiskCache.swift */; };
		AA9170251AB680CD00BD1779 /* MemoryCache.swift in Sources */ = {isa = PBXBuildFile; fileRef = AA91701D1AB67DE600BD1779 /* MemoryCache.swift */; };
		AA9170261AB681F800BD1779 /* Cache.swift in Sources */ = {isa = PBXBuildFile; fileRef = AA91701A1AB67DE600BD1779 /* Cache.swift */; };
/* End PBXBuildFile section */

/* Begin PBXContainerItemProxy section */
		AA027DBB1AB67B6A003C794A /* PBXContainerItemProxy */ = {
			isa = PBXContainerItemProxy;
			containerPortal = AA9228B21AB5B830003C5B80 /* Project object */;
			proxyType = 1;
			remoteGlobalIDString = AA027DAE1AB67B6A003C794A;
			remoteInfo = "CacheKit-iOS";
		};
		AA027DD91AB67B73003C794A /* PBXContainerItemProxy */ = {
			isa = PBXContainerItemProxy;
			containerPortal = AA9228B21AB5B830003C5B80 /* Project object */;
			proxyType = 1;
			remoteGlobalIDString = AA027DCC1AB67B73003C794A;
			remoteInfo = "CacheKit-OSX";
		};
/* End PBXContainerItemProxy section */

/* Begin PBXFileReference section */
		AA027DAF1AB67B6A003C794A /* CacheKit.framework */ = {isa = PBXFileReference; explicitFileType = wrapper.framework; includeInIndex = 0; path = CacheKit.framework; sourceTree = BUILT_PRODUCTS_DIR; };
		AA027DB91AB67B6A003C794A /* CacheKit-iOSTests.xctest */ = {isa = PBXFileReference; explicitFileType = wrapper.cfbundle; includeInIndex = 0; path = "CacheKit-iOSTests.xctest"; sourceTree = BUILT_PRODUCTS_DIR; };
		AA027DBF1AB67B6A003C794A /* Info.plist */ = {isa = PBXFileReference; lastKnownFileType = text.plist.xml; path = Info.plist; sourceTree = "<group>"; };
		AA027DCD1AB67B73003C794A /* CacheKit.framework */ = {isa = PBXFileReference; explicitFileType = wrapper.framework; includeInIndex = 0; path = CacheKit.framework; sourceTree = BUILT_PRODUCTS_DIR; };
		AA027DD71AB67B73003C794A /* CacheKit-OSXTests.xctest */ = {isa = PBXFileReference; explicitFileType = wrapper.cfbundle; includeInIndex = 0; path = "CacheKit-OSXTests.xctest"; sourceTree = BUILT_PRODUCTS_DIR; };
		AA027DDD1AB67B73003C794A /* Info.plist */ = {isa = PBXFileReference; lastKnownFileType = text.plist.xml; path = Info.plist; sourceTree = "<group>"; };
		AA6CF1021AB67BD8005A94DC /* DiskCacheTests.swift */ = {isa = PBXFileReference; fileEncoding = 4; lastKnownFileType = sourcecode.swift; path = DiskCacheTests.swift; sourceTree = "<group>"; };
		AA6CF1031AB67BD8005A94DC /* MemoryCacheTests.swift */ = {isa = PBXFileReference; fileEncoding = 4; lastKnownFileType = sourcecode.swift; path = MemoryCacheTests.swift; sourceTree = "<group>"; };
		AA91701A1AB67DE600BD1779 /* Cache.swift */ = {isa = PBXFileReference; fileEncoding = 4; lastKnownFileType = sourcecode.swift; path = Cache.swift; sourceTree = "<group>"; };
		AA91701B1AB67DE600BD1779 /* CacheKit.h */ = {isa = PBXFileReference; fileEncoding = 4; lastKnownFileType = sourcecode.c.h; path = CacheKit.h; sourceTree = "<group>"; };
		AA91701C1AB67DE600BD1779 /* DiskCache.swift */ = {isa = PBXFileReference; fileEncoding = 4; lastKnownFileType = sourcecode.swift; path = DiskCache.swift; sourceTree = "<group>"; };
		AA91701D1AB67DE600BD1779 /* MemoryCache.swift */ = {isa = PBXFileReference; fileEncoding = 4; lastKnownFileType = sourcecode.swift; path = MemoryCache.swift; sourceTree = "<group>"; };
		AA9170271AB683A100BD1779 /* Info.plist */ = {isa = PBXFileReference; fileEncoding = 4; lastKnownFileType = text.plist.xml; path = Info.plist; sourceTree = "<group>"; };
/* End PBXFileReference section */

/* Begin PBXFrameworksBuildPhase section */
		AA027DAB1AB67B6A003C794A /* Frameworks */ = {
			isa = PBXFrameworksBuildPhase;
			buildActionMask = 2147483647;
			files = (
			);
			runOnlyForDeploymentPostprocessing = 0;
		};
		AA027DB61AB67B6A003C794A /* Frameworks */ = {
			isa = PBXFrameworksBuildPhase;
			buildActionMask = 2147483647;
			files = (
				AA027DBA1AB67B6A003C794A /* CacheKit.framework in Frameworks */,
			);
			runOnlyForDeploymentPostprocessing = 0;
		};
		AA027DC91AB67B73003C794A /* Frameworks */ = {
			isa = PBXFrameworksBuildPhase;
			buildActionMask = 2147483647;
			files = (
			);
			runOnlyForDeploymentPostprocessing = 0;
		};
		AA027DD41AB67B73003C794A /* Frameworks */ = {
			isa = PBXFrameworksBuildPhase;
			buildActionMask = 2147483647;
			files = (
				AA027DD81AB67B73003C794A /* CacheKit.framework in Frameworks */,
			);
			runOnlyForDeploymentPostprocessing = 0;
		};
/* End PBXFrameworksBuildPhase section */

/* Begin PBXGroup section */
		AA027DBD1AB67B6A003C794A /* CacheKit-iOSTests */ = {
			isa = PBXGroup;
			children = (
				AA027DBE1AB67B6A003C794A /* Supporting Files */,
			);
			path = "CacheKit-iOSTests";
			sourceTree = "<group>";
		};
		AA027DBE1AB67B6A003C794A /* Supporting Files */ = {
			isa = PBXGroup;
			children = (
				AA027DBF1AB67B6A003C794A /* Info.plist */,
			);
			name = "Supporting Files";
			sourceTree = "<group>";
		};
		AA027DDB1AB67B73003C794A /* CacheKit-OSXTests */ = {
			isa = PBXGroup;
			children = (
				AA027DDC1AB67B73003C794A /* Supporting Files */,
			);
			path = "CacheKit-OSXTests";
			sourceTree = "<group>";
		};
		AA027DDC1AB67B73003C794A /* Supporting Files */ = {
			isa = PBXGroup;
			children = (
				AA027DDD1AB67B73003C794A /* Info.plist */,
			);
			name = "Supporting Files";
			sourceTree = "<group>";
		};
		AA6CF1081AB67BDD005A94DC /* CacheKitTests */ = {
			isa = PBXGroup;
			children = (
				AA6CF1031AB67BD8005A94DC /* MemoryCacheTests.swift */,
				AA6CF1021AB67BD8005A94DC /* DiskCacheTests.swift */,
			);
			name = CacheKitTests;
			path = "CacheKit-iOSTests";
			sourceTree = "<group>";
		};
		AA9170191AB67DE600BD1779 /* CacheKit */ = {
			isa = PBXGroup;
			children = (
				AA91701B1AB67DE600BD1779 /* CacheKit.h */,
				AA91701A1AB67DE600BD1779 /* Cache.swift */,
				AA91701D1AB67DE600BD1779 /* MemoryCache.swift */,
				AA91701C1AB67DE600BD1779 /* DiskCache.swift */,
				AA91702A1AB683A400BD1779 /* Supporting Files */,
			);
			path = CacheKit;
			sourceTree = "<group>";
		};
		AA91702A1AB683A400BD1779 /* Supporting Files */ = {
			isa = PBXGroup;
			children = (
				AA9170271AB683A100BD1779 /* Info.plist */,
			);
			name = "Supporting Files";
			sourceTree = "<group>";
		};
		AA9228B11AB5B830003C5B80 = {
			isa = PBXGroup;
			children = (
				AA9170191AB67DE600BD1779 /* CacheKit */,
				AA6CF1081AB67BDD005A94DC /* CacheKitTests */,
				AA027DBD1AB67B6A003C794A /* CacheKit-iOSTests */,
				AA027DDB1AB67B73003C794A /* CacheKit-OSXTests */,
				AA9228BC1AB5B830003C5B80 /* Products */,
			);
			sourceTree = "<group>";
		};
		AA9228BC1AB5B830003C5B80 /* Products */ = {
			isa = PBXGroup;
			children = (
				AA027DAF1AB67B6A003C794A /* CacheKit.framework */,
				AA027DB91AB67B6A003C794A /* CacheKit-iOSTests.xctest */,
				AA027DCD1AB67B73003C794A /* CacheKit.framework */,
				AA027DD71AB67B73003C794A /* CacheKit-OSXTests.xctest */,
			);
			name = Products;
			sourceTree = "<group>";
		};
/* End PBXGroup section */

/* Begin PBXHeadersBuildPhase section */
		AA027DAC1AB67B6A003C794A /* Headers */ = {
			isa = PBXHeadersBuildPhase;
			buildActionMask = 2147483647;
			files = (
				AA91701F1AB67DE600BD1779 /* CacheKit.h in Headers */,
			);
			runOnlyForDeploymentPostprocessing = 0;
		};
		AA027DCA1AB67B73003C794A /* Headers */ = {
			isa = PBXHeadersBuildPhase;
			buildActionMask = 2147483647;
			files = (
				AA9170221AB67F1E00BD1779 /* CacheKit.h in Headers */,
			);
			runOnlyForDeploymentPostprocessing = 0;
		};
/* End PBXHeadersBuildPhase section */

/* Begin PBXNativeTarget section */
		AA027DAE1AB67B6A003C794A /* CacheKit-iOS */ = {
			isa = PBXNativeTarget;
			buildConfigurationList = AA027DC61AB67B6A003C794A /* Build configuration list for PBXNativeTarget "CacheKit-iOS" */;
			buildPhases = (
				AA027DAA1AB67B6A003C794A /* Sources */,
				AA027DAB1AB67B6A003C794A /* Frameworks */,
				AA027DAC1AB67B6A003C794A /* Headers */,
				AA027DAD1AB67B6A003C794A /* Resources */,
			);
			buildRules = (
			);
			dependencies = (
			);
			name = "CacheKit-iOS";
			productName = "CacheKit-iOS";
			productReference = AA027DAF1AB67B6A003C794A /* CacheKit.framework */;
			productType = "com.apple.product-type.framework";
		};
		AA027DB81AB67B6A003C794A /* CacheKit-iOSTests */ = {
			isa = PBXNativeTarget;
			buildConfigurationList = AA027DC71AB67B6A003C794A /* Build configuration list for PBXNativeTarget "CacheKit-iOSTests" */;
			buildPhases = (
				AA027DB51AB67B6A003C794A /* Sources */,
				AA027DB61AB67B6A003C794A /* Frameworks */,
				AA027DB71AB67B6A003C794A /* Resources */,
			);
			buildRules = (
			);
			dependencies = (
				AA027DBC1AB67B6A003C794A /* PBXTargetDependency */,
			);
			name = "CacheKit-iOSTests";
			productName = "CacheKit-iOSTests";
			productReference = AA027DB91AB67B6A003C794A /* CacheKit-iOSTests.xctest */;
			productType = "com.apple.product-type.bundle.unit-test";
		};
		AA027DCC1AB67B73003C794A /* CacheKit-OSX */ = {
			isa = PBXNativeTarget;
			buildConfigurationList = AA027DE01AB67B73003C794A /* Build configuration list for PBXNativeTarget "CacheKit-OSX" */;
			buildPhases = (
				AA027DC81AB67B73003C794A /* Sources */,
				AA027DC91AB67B73003C794A /* Frameworks */,
				AA027DCA1AB67B73003C794A /* Headers */,
				AA027DCB1AB67B73003C794A /* Resources */,
			);
			buildRules = (
			);
			dependencies = (
			);
			name = "CacheKit-OSX";
			productName = "CacheKit-OSX";
			productReference = AA027DCD1AB67B73003C794A /* CacheKit.framework */;
			productType = "com.apple.product-type.framework";
		};
		AA027DD61AB67B73003C794A /* CacheKit-OSXTests */ = {
			isa = PBXNativeTarget;
			buildConfigurationList = AA027DE31AB67B73003C794A /* Build configuration list for PBXNativeTarget "CacheKit-OSXTests" */;
			buildPhases = (
				AA027DD31AB67B73003C794A /* Sources */,
				AA027DD41AB67B73003C794A /* Frameworks */,
				AA027DD51AB67B73003C794A /* Resources */,
			);
			buildRules = (
			);
			dependencies = (
				AA027DDA1AB67B73003C794A /* PBXTargetDependency */,
			);
			name = "CacheKit-OSXTests";
			productName = "CacheKit-OSXTests";
			productReference = AA027DD71AB67B73003C794A /* CacheKit-OSXTests.xctest */;
			productType = "com.apple.product-type.bundle.unit-test";
		};
/* End PBXNativeTarget section */

/* Begin PBXProject section */
		AA9228B21AB5B830003C5B80 /* Project object */ = {
			isa = PBXProject;
			attributes = {
				LastUpgradeCheck = 0620;
				ORGANIZATIONNAME = "Katsuma Tanaka";
				TargetAttributes = {
					AA027DAE1AB67B6A003C794A = {
						CreatedOnToolsVersion = 6.2;
					};
					AA027DB81AB67B6A003C794A = {
						CreatedOnToolsVersion = 6.2;
					};
					AA027DCC1AB67B73003C794A = {
						CreatedOnToolsVersion = 6.2;
					};
					AA027DD61AB67B73003C794A = {
						CreatedOnToolsVersion = 6.2;
					};
				};
			};
			buildConfigurationList = AA9228B51AB5B830003C5B80 /* Build configuration list for PBXProject "CacheKit" */;
			compatibilityVersion = "Xcode 3.2";
			developmentRegion = English;
			hasScannedForEncodings = 0;
			knownRegions = (
				en,
			);
			mainGroup = AA9228B11AB5B830003C5B80;
			productRefGroup = AA9228BC1AB5B830003C5B80 /* Products */;
			projectDirPath = "";
			projectRoot = "";
			targets = (
				AA027DAE1AB67B6A003C794A /* CacheKit-iOS */,
				AA027DB81AB67B6A003C794A /* CacheKit-iOSTests */,
				AA027DCC1AB67B73003C794A /* CacheKit-OSX */,
				AA027DD61AB67B73003C794A /* CacheKit-OSXTests */,
			);
		};
/* End PBXProject section */

/* Begin PBXResourcesBuildPhase section */
		AA027DAD1AB67B6A003C794A /* Resources */ = {
			isa = PBXResourcesBuildPhase;
			buildActionMask = 2147483647;
			files = (
			);
			runOnlyForDeploymentPostprocessing = 0;
		};
		AA027DB71AB67B6A003C794A /* Resources */ = {
			isa = PBXResourcesBuildPhase;
			buildActionMask = 2147483647;
			files = (
			);
			runOnlyForDeploymentPostprocessing = 0;
		};
		AA027DCB1AB67B73003C794A /* Resources */ = {
			isa = PBXResourcesBuildPhase;
			buildActionMask = 2147483647;
			files = (
			);
			runOnlyForDeploymentPostprocessing = 0;
		};
		AA027DD51AB67B73003C794A /* Resources */ = {
			isa = PBXResourcesBuildPhase;
			buildActionMask = 2147483647;
			files = (
			);
			runOnlyForDeploymentPostprocessing = 0;
		};
/* End PBXResourcesBuildPhase section */

/* Begin PBXSourcesBuildPhase section */
		AA027DAA1AB67B6A003C794A /* Sources */ = {
			isa = PBXSourcesBuildPhase;
			buildActionMask = 2147483647;
			files = (
				AA9170211AB67DE600BD1779 /* MemoryCache.swift in Sources */,
				AA91701E1AB67DE600BD1779 /* Cache.swift in Sources */,
				AA9170201AB67DE600BD1779 /* DiskCache.swift in Sources */,
			);
			runOnlyForDeploymentPostprocessing = 0;
		};
		AA027DB51AB67B6A003C794A /* Sources */ = {
			isa = PBXSourcesBuildPhase;
			buildActionMask = 2147483647;
			files = (
				AA6CF1061AB67BD8005A94DC /* MemoryCacheTests.swift in Sources */,
				AA6CF1041AB67BD8005A94DC /* DiskCacheTests.swift in Sources */,
			);
			runOnlyForDeploymentPostprocessing = 0;
		};
		AA027DC81AB67B73003C794A /* Sources */ = {
			isa = PBXSourcesBuildPhase;
			buildActionMask = 2147483647;
			files = (
				AA9170261AB681F800BD1779 /* Cache.swift in Sources */,
				AA9170241AB680CD00BD1779 /* DiskCache.swift in Sources */,
				AA9170251AB680CD00BD1779 /* MemoryCache.swift in Sources */,
			);
			runOnlyForDeploymentPostprocessing = 0;
		};
		AA027DD31AB67B73003C794A /* Sources */ = {
			isa = PBXSourcesBuildPhase;
			buildActionMask = 2147483647;
			files = (
				AA6CF1071AB67BD8005A94DC /* MemoryCacheTests.swift in Sources */,
				AA6CF1051AB67BD8005A94DC /* DiskCacheTests.swift in Sources */,
			);
			runOnlyForDeploymentPostprocessing = 0;
		};
/* End PBXSourcesBuildPhase section */

/* Begin PBXTargetDependency section */
		AA027DBC1AB67B6A003C794A /* PBXTargetDependency */ = {
			isa = PBXTargetDependency;
			target = AA027DAE1AB67B6A003C794A /* CacheKit-iOS */;
			targetProxy = AA027DBB1AB67B6A003C794A /* PBXContainerItemProxy */;
		};
		AA027DDA1AB67B73003C794A /* PBXTargetDependency */ = {
			isa = PBXTargetDependency;
			target = AA027DCC1AB67B73003C794A /* CacheKit-OSX */;
			targetProxy = AA027DD91AB67B73003C794A /* PBXContainerItemProxy */;
		};
/* End PBXTargetDependency section */

/* Begin XCBuildConfiguration section */
		AA027DC21AB67B6A003C794A /* Debug */ = {
			isa = XCBuildConfiguration;
			buildSettings = {
				CLANG_ENABLE_MODULES = YES;
				DEFINES_MODULE = YES;
				DYLIB_COMPATIBILITY_VERSION = 1;
				DYLIB_CURRENT_VERSION = 1;
				DYLIB_INSTALL_NAME_BASE = "@rpath";
				GCC_PREPROCESSOR_DEFINITIONS = (
					"DEBUG=1",
					"$(inherited)",
				);
				INFOPLIST_FILE = CacheKit/Info.plist;
				INSTALL_PATH = "$(LOCAL_LIBRARY_DIR)/Frameworks";
				IPHONEOS_DEPLOYMENT_TARGET = 8.0;
				LD_RUNPATH_SEARCH_PATHS = "$(inherited) @executable_path/Frameworks @loader_path/Frameworks";
				PRODUCT_NAME = CacheKit;
				SKIP_INSTALL = YES;
				SWIFT_OPTIMIZATION_LEVEL = "-Onone";
			};
			name = Debug;
		};
		AA027DC31AB67B6A003C794A /* Release */ = {
			isa = XCBuildConfiguration;
			buildSettings = {
				CLANG_ENABLE_MODULES = YES;
				DEFINES_MODULE = YES;
				DYLIB_COMPATIBILITY_VERSION = 1;
				DYLIB_CURRENT_VERSION = 1;
				DYLIB_INSTALL_NAME_BASE = "@rpath";
				INFOPLIST_FILE = CacheKit/Info.plist;
				INSTALL_PATH = "$(LOCAL_LIBRARY_DIR)/Frameworks";
				IPHONEOS_DEPLOYMENT_TARGET = 8.0;
				LD_RUNPATH_SEARCH_PATHS = "$(inherited) @executable_path/Frameworks @loader_path/Frameworks";
				PRODUCT_NAME = CacheKit;
				SKIP_INSTALL = YES;
			};
			name = Release;
		};
		AA027DC41AB67B6A003C794A /* Debug */ = {
			isa = XCBuildConfiguration;
			buildSettings = {
				FRAMEWORK_SEARCH_PATHS = (
					"$(SDKROOT)/Developer/Library/Frameworks",
					"$(inherited)",
				);
				GCC_PREPROCESSOR_DEFINITIONS = (
					"DEBUG=1",
					"$(inherited)",
				);
				INFOPLIST_FILE = "CacheKit-iOSTests/Info.plist";
				LD_RUNPATH_SEARCH_PATHS = "$(inherited) @executable_path/Frameworks @loader_path/Frameworks";
				PRODUCT_NAME = "$(TARGET_NAME)";
			};
			name = Debug;
		};
		AA027DC51AB67B6A003C794A /* Release */ = {
			isa = XCBuildConfiguration;
			buildSettings = {
				FRAMEWORK_SEARCH_PATHS = (
					"$(SDKROOT)/Developer/Library/Frameworks",
					"$(inherited)",
				);
				INFOPLIST_FILE = "CacheKit-iOSTests/Info.plist";
				LD_RUNPATH_SEARCH_PATHS = "$(inherited) @executable_path/Frameworks @loader_path/Frameworks";
				PRODUCT_NAME = "$(TARGET_NAME)";
			};
			name = Release;
		};
		AA027DE11AB67B73003C794A /* Debug */ = {
			isa = XCBuildConfiguration;
			buildSettings = {
				CLANG_ENABLE_MODULES = YES;
				COMBINE_HIDPI_IMAGES = YES;
				DEFINES_MODULE = YES;
				DYLIB_COMPATIBILITY_VERSION = 1;
				DYLIB_CURRENT_VERSION = 1;
				DYLIB_INSTALL_NAME_BASE = "@rpath";
				FRAMEWORK_VERSION = A;
				GCC_PREPROCESSOR_DEFINITIONS = (
					"DEBUG=1",
					"$(inherited)",
				);
				INFOPLIST_FILE = CacheKit/Info.plist;
				INSTALL_PATH = "$(LOCAL_LIBRARY_DIR)/Frameworks";
				LD_RUNPATH_SEARCH_PATHS = "$(inherited) @executable_path/../Frameworks @loader_path/Frameworks";
				MACOSX_DEPLOYMENT_TARGET = 10.10;
				PRODUCT_NAME = CacheKit;
				SDKROOT = macosx;
				SKIP_INSTALL = YES;
				SWIFT_OPTIMIZATION_LEVEL = "-Onone";
			};
			name = Debug;
		};
		AA027DE21AB67B73003C794A /* Release */ = {
			isa = XCBuildConfiguration;
			buildSettings = {
				CLANG_ENABLE_MODULES = YES;
				COMBINE_HIDPI_IMAGES = YES;
				DEBUG_INFORMATION_FORMAT = "dwarf-with-dsym";
				DEFINES_MODULE = YES;
				DYLIB_COMPATIBILITY_VERSION = 1;
				DYLIB_CURRENT_VERSION = 1;
				DYLIB_INSTALL_NAME_BASE = "@rpath";
				FRAMEWORK_VERSION = A;
				INFOPLIST_FILE = CacheKit/Info.plist;
				INSTALL_PATH = "$(LOCAL_LIBRARY_DIR)/Frameworks";
				LD_RUNPATH_SEARCH_PATHS = "$(inherited) @executable_path/../Frameworks @loader_path/Frameworks";
				MACOSX_DEPLOYMENT_TARGET = 10.10;
				PRODUCT_NAME = CacheKit;
				SDKROOT = macosx;
				SKIP_INSTALL = YES;
			};
			name = Release;
		};
		AA027DE41AB67B73003C794A /* Debug */ = {
			isa = XCBuildConfiguration;
			buildSettings = {
				COMBINE_HIDPI_IMAGES = YES;
				FRAMEWORK_SEARCH_PATHS = (
					"$(DEVELOPER_FRAMEWORKS_DIR)",
					"$(inherited)",
				);
				GCC_PREPROCESSOR_DEFINITIONS = (
					"DEBUG=1",
					"$(inherited)",
				);
				INFOPLIST_FILE = "CacheKit-OSXTests/Info.plist";
				LD_RUNPATH_SEARCH_PATHS = "$(inherited) @executable_path/../Frameworks @loader_path/../Frameworks";
				MACOSX_DEPLOYMENT_TARGET = 10.10;
				PRODUCT_NAME = "$(TARGET_NAME)";
				SDKROOT = macosx;
			};
			name = Debug;
		};
		AA027DE51AB67B73003C794A /* Release */ = {
			isa = XCBuildConfiguration;
			buildSettings = {
				COMBINE_HIDPI_IMAGES = YES;
				DEBUG_INFORMATION_FORMAT = "dwarf-with-dsym";
				FRAMEWORK_SEARCH_PATHS = (
					"$(DEVELOPER_FRAMEWORKS_DIR)",
					"$(inherited)",
				);
				INFOPLIST_FILE = "CacheKit-OSXTests/Info.plist";
				LD_RUNPATH_SEARCH_PATHS = "$(inherited) @executable_path/../Frameworks @loader_path/../Frameworks";
				MACOSX_DEPLOYMENT_TARGET = 10.10;
				PRODUCT_NAME = "$(TARGET_NAME)";
				SDKROOT = macosx;
			};
			name = Release;
		};
		AA9228CF1AB5B830003C5B80 /* Debug */ = {
			isa = XCBuildConfiguration;
			buildSettings = {
				ALWAYS_SEARCH_USER_PATHS = NO;
				CLANG_CXX_LANGUAGE_STANDARD = "gnu++0x";
				CLANG_CXX_LIBRARY = "libc++";
				CLANG_ENABLE_MODULES = YES;
				CLANG_ENABLE_OBJC_ARC = YES;
				CLANG_WARN_BOOL_CONVERSION = YES;
				CLANG_WARN_CONSTANT_CONVERSION = YES;
				CLANG_WARN_DIRECT_OBJC_ISA_USAGE = YES_ERROR;
				CLANG_WARN_EMPTY_BODY = YES;
				CLANG_WARN_ENUM_CONVERSION = YES;
				CLANG_WARN_INT_CONVERSION = YES;
				CLANG_WARN_OBJC_ROOT_CLASS = YES_ERROR;
				CLANG_WARN_UNREACHABLE_CODE = YES;
				CLANG_WARN__DUPLICATE_METHOD_MATCH = YES;
				"CODE_SIGN_IDENTITY[sdk=iphoneos*]" = "iPhone Developer";
				COPY_PHASE_STRIP = NO;
				CURRENT_PROJECT_VERSION = 1;
				ENABLE_STRICT_OBJC_MSGSEND = YES;
				GCC_C_LANGUAGE_STANDARD = gnu99;
				GCC_DYNAMIC_NO_PIC = NO;
				GCC_OPTIMIZATION_LEVEL = 0;
				GCC_PREPROCESSOR_DEFINITIONS = (
					"DEBUG=1",
					"$(inherited)",
				);
				GCC_SYMBOLS_PRIVATE_EXTERN = NO;
				GCC_WARN_64_TO_32_BIT_CONVERSION = YES;
				GCC_WARN_ABOUT_RETURN_TYPE = YES_ERROR;
				GCC_WARN_UNDECLARED_SELECTOR = YES;
				GCC_WARN_UNINITIALIZED_AUTOS = YES_AGGRESSIVE;
				GCC_WARN_UNUSED_FUNCTION = YES;
				GCC_WARN_UNUSED_VARIABLE = YES;
				IPHONEOS_DEPLOYMENT_TARGET = 8.2;
				MTL_ENABLE_DEBUG_INFO = YES;
				ONLY_ACTIVE_ARCH = YES;
				SDKROOT = iphoneos;
				SWIFT_OPTIMIZATION_LEVEL = "-Onone";
				TARGETED_DEVICE_FAMILY = "1,2";
				VERSIONING_SYSTEM = "apple-generic";
				VERSION_INFO_PREFIX = "";
			};
			name = Debug;
		};
		AA9228D01AB5B830003C5B80 /* Release */ = {
			isa = XCBuildConfiguration;
			buildSettings = {
				ALWAYS_SEARCH_USER_PATHS = NO;
				CLANG_CXX_LANGUAGE_STANDARD = "gnu++0x";
				CLANG_CXX_LIBRARY = "libc++";
				CLANG_ENABLE_MODULES = YES;
				CLANG_ENABLE_OBJC_ARC = YES;
				CLANG_WARN_BOOL_CONVERSION = YES;
				CLANG_WARN_CONSTANT_CONVERSION = YES;
				CLANG_WARN_DIRECT_OBJC_ISA_USAGE = YES_ERROR;
				CLANG_WARN_EMPTY_BODY = YES;
				CLANG_WARN_ENUM_CONVERSION = YES;
				CLANG_WARN_INT_CONVERSION = YES;
				CLANG_WARN_OBJC_ROOT_CLASS = YES_ERROR;
				CLANG_WARN_UNREACHABLE_CODE = YES;
				CLANG_WARN__DUPLICATE_METHOD_MATCH = YES;
				"CODE_SIGN_IDENTITY[sdk=iphoneos*]" = "iPhone Developer";
				COPY_PHASE_STRIP = NO;
				CURRENT_PROJECT_VERSION = 1;
				ENABLE_NS_ASSERTIONS = NO;
				ENABLE_STRICT_OBJC_MSGSEND = YES;
				GCC_C_LANGUAGE_STANDARD = gnu99;
				GCC_WARN_64_TO_32_BIT_CONVERSION = YES;
				GCC_WARN_ABOUT_RETURN_TYPE = YES_ERROR;
				GCC_WARN_UNDECLARED_SELECTOR = YES;
				GCC_WARN_UNINITIALIZED_AUTOS = YES_AGGRESSIVE;
				GCC_WARN_UNUSED_FUNCTION = YES;
				GCC_WARN_UNUSED_VARIABLE = YES;
				IPHONEOS_DEPLOYMENT_TARGET = 8.2;
				MTL_ENABLE_DEBUG_INFO = NO;
				SDKROOT = iphoneos;
				TARGETED_DEVICE_FAMILY = "1,2";
				VALIDATE_PRODUCT = YES;
				VERSIONING_SYSTEM = "apple-generic";
				VERSION_INFO_PREFIX = "";
			};
			name = Release;
		};
/* End XCBuildConfiguration section */

/* Begin XCConfigurationList section */
		AA027DC61AB67B6A003C794A /* Build configuration list for PBXNativeTarget "CacheKit-iOS" */ = {
			isa = XCConfigurationList;
			buildConfigurations = (
				AA027DC21AB67B6A003C794A /* Debug */,
				AA027DC31AB67B6A003C794A /* Release */,
			);
			defaultConfigurationIsVisible = 0;
			defaultConfigurationName = Release;
		};
		AA027DC71AB67B6A003C794A /* Build configuration list for PBXNativeTarget "CacheKit-iOSTests" */ = {
			isa = XCConfigurationList;
			buildConfigurations = (
				AA027DC41AB67B6A003C794A /* Debug */,
				AA027DC51AB67B6A003C794A /* Release */,
			);
			defaultConfigurationIsVisible = 0;
			defaultConfigurationName = Release;
		};
		AA027DE01AB67B73003C794A /* Build configuration list for PBXNativeTarget "CacheKit-OSX" */ = {
			isa = XCConfigurationList;
			buildConfigurations = (
				AA027DE11AB67B73003C794A /* Debug */,
				AA027DE21AB67B73003C794A /* Release */,
			);
			defaultConfigurationIsVisible = 0;
			defaultConfigurationName = Release;
		};
		AA027DE31AB67B73003C794A /* Build configuration list for PBXNativeTarget "CacheKit-OSXTests" */ = {
			isa = XCConfigurationList;
			buildConfigurations = (
				AA027DE41AB67B73003C794A /* Debug */,
				AA027DE51AB67B73003C794A /* Release */,
			);
			defaultConfigurationIsVisible = 0;
			defaultConfigurationName = Release;
		};
		AA9228B51AB5B830003C5B80 /* Build configuration list for PBXProject "CacheKit" */ = {
			isa = XCConfigurationList;
			buildConfigurations = (
				AA9228CF1AB5B830003C5B80 /* Debug */,
				AA9228D01AB5B830003C5B80 /* Release */,
			);
			defaultConfigurationIsVisible = 0;
			defaultConfigurationName = Release;
		};
/* End XCConfigurationList section */
	};
	rootObject = AA9228B21AB5B830003C5B80 /* Project object */;
}
